
Microsoft Visual Studio Solution File, Format Version 12.00
# Visual Studio Version 16
VisualStudioVersion = 16.0.29424.173
MinimumVisualStudioVersion = 10.0.40219.1
Project("{FAE04EC0-301F-11D3-BF4B-00C04F79EFBC}") = "Store Mangement", "Store Mangement.csproj", "{28243FFF-A2E6-4844-99E5-12E61FB2B176}"
EndProject
Global
	GlobalSection(SolutionConfigurationPlatforms) = preSolution
		Debug|Any CPU = Debug|Any CPU
		Release|Any CPU = Release|Any CPU
	EndGlobalSection
	GlobalSection(ProjectConfigurationPlatforms) = postSolution
		{28243FFF-A2E6-4844-99E5-12E61FB2B176}.Debug|Any CPU.ActiveCfg = Debug|Any CPU
		{28243FFF-A2E6-4844-99E5-12E61FB2B176}.Debug|Any CPU.Build.0 = Debug|Any CPU
		{28243FFF-A2E6-4844-99E5-12E61FB2B176}.Release|Any CPU.ActiveCfg = Release|Any CPU
		{28243FFF-A2E6-4844-99E5-12E61FB2B176}.Release|Any CPU.Build.0 = Release|Any CPU
	EndGlobalSection
	GlobalSection(SolutionProperties) = preSolution
		HideSolutionNode = FALSE
	EndGlobalSection
	GlobalSection(ExtensibilityGlobals) = postSolution
		SolutionGuid = {D70DC716-A580-434F-91CA-6CC92F39E4C5}
	EndGlobalSection
EndGlobal
